# This file is automatically @generated by Poetry 1.8.4 and should not be changed by hand.

[[package]]
name = "argparse"
version = "1.4.0"
description = "Python command-line parsing library"
optional = false
python-versions = "*"
files = [
    {file = "argparse-1.4.0-py2.py3-none-any.whl", hash = "sha256:c31647edb69fd3d465a847ea3157d37bed1f95f19760b11a47aa91c04b666314"},
    {file = "argparse-1.4.0.tar.gz", hash = "sha256:62b089a55be1d8949cd2bc7e0df0bddb9e028faefc8c32038cc84862aefdd6e4"},
]

[[package]]
name = "falkordb"
version = "1.0.9"
description = "Python client for interacting with FalkorDB database"
optional = false
python-versions = "<4.0,>=3.8"
files = [
    {file = "falkordb-1.0.9.tar.gz", hash = "sha256:177008e63c7e4d9ebbdfeb8cad24b0e49175bb0f6e96cac9b4ffb641c0eff0f1"},
]

[package.dependencies]
redis = ">=5.0.1,<6.0.0"

[[package]]
name = "redis"
version = "5.2.0"
description = "Python client for Redis database and key-value store"
optional = false
python-versions = ">=3.8"
files = [
    {file = "redis-5.2.0-py3-none-any.whl", hash = "sha256:ae174f2bb3b1bf2b09d54bf3e51fbc1469cf6c10aa03e21141f51969801a7897"},
    {file = "redis-5.2.0.tar.gz", hash = "sha256:0b1087665a771b1ff2e003aa5bdd354f15a70c9e25d5a7dbf9c722c16528a7b0"},
]

[package.extras]
hiredis = ["hiredis (>=3.0.0)"]
ocsp = ["cryptography (>=36.0.1)", "pyopenssl (==23.2.1)", "requests (>=2.31.0)"]

[metadata]
lock-version = "2.0"
python-versions = "^3.12"
content-hash = "aa725e0c03269deb1a47e7be18e2631a7c314b76228c757c97da5ad3c540239e"
